
Microsoft Visual Studio Solution File, Format Version 12.00
# Visual Studio Version 17
VisualStudioVersion = 17.8.34525.116
MinimumVisualStudioVersion = 10.0.40219.1
Project("{9A19103F-16F7-4668-BE54-9A1E7A4F7556}") = "Logareon.Domain", "Logareon.Domain\Logareon.Domain.csproj", "{16D72509-D224-4FDD-84BD-9EB8BAEE24D6}"
EndProject
Project("{9A19103F-16F7-4668-BE54-9A1E7A4F7556}") = "Logareon.Api", "Logareon.Api\Logareon.Api.csproj", "{A5613961-6534-473A-A264-7D0F12312797}"
EndProject
Project("{FAE04EC0-301F-11D3-BF4B-00C04F79EFBC}") = "Logareon.Application", "Logareon.Application\Logareon.Application.csproj", "{4D5C666D-BF60-4A10-B46E-117223F67E80}"
EndProject
Global
	GlobalSection(SolutionConfigurationPlatforms) = preSolution
		Debug|Any CPU = Debug|Any CPU
		Release|Any CPU = Release|Any CPU
	EndGlobalSection
	GlobalSection(ProjectConfigurationPlatforms) = postSolution
		{16D72509-D224-4FDD-84BD-9EB8BAEE24D6}.Debug|Any CPU.ActiveCfg = Debug|Any CPU
		{16D72509-D224-4FDD-84BD-9EB8BAEE24D6}.Debug|Any CPU.Build.0 = Debug|Any CPU
		{16D72509-D224-4FDD-84BD-9EB8BAEE24D6}.Release|Any CPU.ActiveCfg = Release|Any CPU
		{16D72509-D224-4FDD-84BD-9EB8BAEE24D6}.Release|Any CPU.Build.0 = Release|Any CPU
		{A5613961-6534-473A-A264-7D0F12312797}.Debug|Any CPU.ActiveCfg = Debug|Any CPU
		{A5613961-6534-473A-A264-7D0F12312797}.Debug|Any CPU.Build.0 = Debug|Any CPU
		{A5613961-6534-473A-A264-7D0F12312797}.Release|Any CPU.ActiveCfg = Release|Any CPU
		{A5613961-6534-473A-A264-7D0F12312797}.Release|Any CPU.Build.0 = Release|Any CPU
		{4D5C666D-BF60-4A10-B46E-117223F67E80}.Debug|Any CPU.ActiveCfg = Debug|Any CPU
		{4D5C666D-BF60-4A10-B46E-117223F67E80}.Debug|Any CPU.Build.0 = Debug|Any CPU
		{4D5C666D-BF60-4A10-B46E-117223F67E80}.Release|Any CPU.ActiveCfg = Release|Any CPU
		{4D5C666D-BF60-4A10-B46E-117223F67E80}.Release|Any CPU.Build.0 = Release|Any CPU
	EndGlobalSection
	GlobalSection(SolutionProperties) = preSolution
		HideSolutionNode = FALSE
	EndGlobalSection
	GlobalSection(ExtensibilityGlobals) = postSolution
		SolutionGuid = {FEE69A15-574A-4F43-8D29-8C226E92C47C}
	EndGlobalSection
EndGlobal
